// !$*UTF8*$!
{
	archiveVersion = 1;
	classes = {
	};
	objectVersion = 50;
	objects = {

/* Begin PBXBuildFile section */
		130E05CF212D6A3200C3E21A /* AppDelegate.swift in Sources */ = {isa = PBXBuildFile; fileRef = 130E05CE212D6A3200C3E21A /* AppDelegate.swift */; };
		130E05D1212D6A3200C3E21A /* ViewController.swift in Sources */ = {isa = PBXBuildFile; fileRef = 130E05D0212D6A3200C3E21A /* ViewController.swift */; };
		130E05D4212D6A3200C3E21A /* Main.storyboard in Resources */ = {isa = PBXBuildFile; fileRef = 130E05D2212D6A3200C3E21A /* Main.storyboard */; };
		130E05D6212D6A3700C3E21A /* Assets.xcassets in Resources */ = {isa = PBXBuildFile; fileRef = 130E05D5212D6A3700C3E21A /* Assets.xcassets */; };
		130E05D9212D6A3700C3E21A /* LaunchScreen.storyboard in Resources */ = {isa = PBXBuildFile; fileRef = 130E05D7212D6A3700C3E21A /* LaunchScreen.storyboard */; };
		130E05E2212D6E2800C3E21A /* LoginViewController.swift in Sources */ = {isa = PBXBuildFile; fileRef = 130E05E1212D6E2800C3E21A /* LoginViewController.swift */; };
		130E05E4212D7D4900C3E21A /* ForgotPasswordViewController.swift in Sources */ = {isa = PBXBuildFile; fileRef = 130E05E3212D7D4900C3E21A /* ForgotPasswordViewController.swift */; };
		130E05E6212D7D5E00C3E21A /* SignUpViewController.swift in Sources */ = {isa = PBXBuildFile; fileRef = 130E05E5212D7D5E00C3E21A /* SignUpViewController.swift */; };
		130E05E8212DC5DB00C3E21A /* SignUpUsernameViewController.swift in Sources */ = {isa = PBXBuildFile; fileRef = 130E05E7212DC5DB00C3E21A /* SignUpUsernameViewController.swift */; };
		130E05EA212DC5F000C3E21A /* SignUpPhoneNumberViewController.swift in Sources */ = {isa = PBXBuildFile; fileRef = 130E05E9212DC5F000C3E21A /* SignUpPhoneNumberViewController.swift */; };
		13353AF6213A89D200D74C47 /* FTTabProfileViewController.swift in Sources */ = {isa = PBXBuildFile; fileRef = 13353AF4213A89D200D74C47 /* FTTabProfileViewController.swift */; };
		13353AF7213A89D200D74C47 /* FTTabProfileViewController.xib in Resources */ = {isa = PBXBuildFile; fileRef = 13353AF5213A89D200D74C47 /* FTTabProfileViewController.xib */; };
		13353AF9213A94ED00D74C47 /* FTViewControllerWithCustomNavibar.swift in Sources */ = {isa = PBXBuildFile; fileRef = 13353AF8213A94ED00D74C47 /* FTViewControllerWithCustomNavibar.swift */; };
		13353AFC213A959500D74C47 /* FTEditProfileViewController.swift in Sources */ = {isa = PBXBuildFile; fileRef = 13353AFA213A959500D74C47 /* FTEditProfileViewController.swift */; };
		13353AFD213A959500D74C47 /* FTEditProfileViewController.xib in Resources */ = {isa = PBXBuildFile; fileRef = 13353AFB213A959500D74C47 /* FTEditProfileViewController.xib */; };
		13353B01213A986F00D74C47 /* EditTextTableViewCell.swift in Sources */ = {isa = PBXBuildFile; fileRef = 13353AFF213A986F00D74C47 /* EditTextTableViewCell.swift */; };
		13353B02213A986F00D74C47 /* EditTextTableViewCell.xib in Resources */ = {isa = PBXBuildFile; fileRef = 13353B00213A986F00D74C47 /* EditTextTableViewCell.xib */; };
		13353B04213BB16A00D74C47 /* FTUserProfileResponse.swift in Sources */ = {isa = PBXBuildFile; fileRef = 13353B03213BB16A00D74C47 /* FTUserProfileResponse.swift */; };
		13353B06213C120900D74C47 /* FTAboutReponse.swift in Sources */ = {isa = PBXBuildFile; fileRef = 13353B05213C120900D74C47 /* FTAboutReponse.swift */; };
		13353B0B213FBDBE00D74C47 /* FTEditUserResponse.swift in Sources */ = {isa = PBXBuildFile; fileRef = 13353B0A213FBDBE00D74C47 /* FTEditUserResponse.swift */; };
		13489DE5212EB9FA00C72BD3 /* WebService.swift in Sources */ = {isa = PBXBuildFile; fileRef = 13489DE4212EB9FA00C72BD3 /* WebService.swift */; };
		13489DE8212EC65100C72BD3 /* SignInResponse.swift in Sources */ = {isa = PBXBuildFile; fileRef = 13489DE7212EC65100C72BD3 /* SignInResponse.swift */; };
		13489DEB212ED7BA00C72BD3 /* SignUpInfo.swift in Sources */ = {isa = PBXBuildFile; fileRef = 13489DEA212ED7BA00C72BD3 /* SignUpInfo.swift */; };
		13489DED212EDAC200C72BD3 /* SignUpResponse.swift in Sources */ = {isa = PBXBuildFile; fileRef = 13489DEC212EDAC200C72BD3 /* SignUpResponse.swift */; };
		13489DF4212FE7AC00C72BD3 /* UIImage+FeedTrue.swift in Sources */ = {isa = PBXBuildFile; fileRef = 13489DF3212FE7AC00C72BD3 /* UIImage+FeedTrue.swift */; };
		13489DF72134062200C72BD3 /* FTValidation.swift in Sources */ = {isa = PBXBuildFile; fileRef = 13489DF62134062200C72BD3 /* FTValidation.swift */; };
		134FF0EC2152B37300551771 /* ViewableControllerContainer.swift in Sources */ = {isa = PBXBuildFile; fileRef = 134FF0C02152B37300551771 /* ViewableControllerContainer.swift */; };
		134FF0ED2152B37300551771 /* ViewableController.swift in Sources */ = {isa = PBXBuildFile; fileRef = 134FF0C12152B37300551771 /* ViewableController.swift */; };
		134FF0EE2152B37300551771 /* ViewerController.swift in Sources */ = {isa = PBXBuildFile; fileRef = 134FF0C22152B37300551771 /* ViewerController.swift */; };
		134FF0EF2152B37300551771 /* VideoProgressView.swift in Sources */ = {isa = PBXBuildFile; fileRef = 134FF0C32152B37300551771 /* VideoProgressView.swift */; };
		134FF0F02152B37300551771 /* NSIndexPath+Contiguous.swift in Sources */ = {isa = PBXBuildFile; fileRef = 134FF0C42152B37300551771 /* NSIndexPath+Contiguous.swift */; };
		134FF0F12152B37300551771 /* SlideshowView.swift in Sources */ = {isa = PBXBuildFile; fileRef = 134FF0C52152B37300551771 /* SlideshowView.swift */; };
		134FF0F22152B37300551771 /* UIImage+CenteredFrame.swift in Sources */ = {isa = PBXBuildFile; fileRef = 134FF0C62152B37300551771 /* UIImage+CenteredFrame.swift */; };
		134FF0F32152B37300551771 /* VideoView.swift in Sources */ = {isa = PBXBuildFile; fileRef = 134FF0C72152B37300551771 /* VideoView.swift */; };
		134FF0F42152B37300551771 /* UIViewController+Window.swift in Sources */ = {isa = PBXBuildFile; fileRef = 134FF0C82152B37300551771 /* UIViewController+Window.swift */; };
		134FF0F52152B37300551771 /* UIViewExtensions.swift in Sources */ = {isa = PBXBuildFile; fileRef = 134FF0C92152B37300551771 /* UIViewExtensions.swift */; };
		134FF0F62152B37300551771 /* Viewable.swift in Sources */ = {isa = PBXBuildFile; fileRef = 134FF0CA2152B37300551771 /* Viewable.swift */; };
		134FF0F72152B37300551771 /* PaginatedScrollView.swift in Sources */ = {isa = PBXBuildFile; fileRef = 134FF0CB2152B37300551771 /* PaginatedScrollView.swift */; };
		134FF0F82152B37300551771 /* FooterView.swift in Sources */ = {isa = PBXBuildFile; fileRef = 134FF0CD2152B37300551771 /* FooterView.swift */; };
		134FF0F92152B37300551771 /* PhotosController.swift in Sources */ = {isa = PBXBuildFile; fileRef = 134FF0CE2152B37300551771 /* PhotosController.swift */; };
		134FF0FA2152B37300551771 /* PhotoCell.swift in Sources */ = {isa = PBXBuildFile; fileRef = 134FF0CF2152B37300551771 /* PhotoCell.swift */; };
		134FF0FB2152B37300551771 /* clear.png in Resources */ = {isa = PBXBuildFile; fileRef = 134FF0D02152B37300551771 /* clear.png */; };
		134FF0FC2152B37300551771 /* PhotosCollectionLayout.swift in Sources */ = {isa = PBXBuildFile; fileRef = 134FF0D12152B37300551771 /* PhotosCollectionLayout.swift */; };
		134FF0FD2152B37300551771 /* Photo.swift in Sources */ = {isa = PBXBuildFile; fileRef = 134FF0D22152B37300551771 /* Photo.swift */; };
		134FF0FE2152B37300551771 /* PopupController.swift in Sources */ = {isa = PBXBuildFile; fileRef = 134FF0D32152B37300551771 /* PopupController.swift */; };
		134FF0FF2152B37300551771 /* HeaderView.swift in Sources */ = {isa = PBXBuildFile; fileRef = 134FF0D42152B37300551771 /* HeaderView.swift */; };
		134FF1002152B37300551771 /* 4.jpg in Resources */ = {isa = PBXBuildFile; fileRef = 134FF0D52152B37300551771 /* 4.jpg */; };
		134FF1012152B37300551771 /* 5.png in Resources */ = {isa = PBXBuildFile; fileRef = 134FF0D62152B37300551771 /* 5.png */; };
		134FF1022152B37300551771 /* 2.jpg in Resources */ = {isa = PBXBuildFile; fileRef = 134FF0D72152B37300551771 /* 2.jpg */; };
		134FF1032152B37300551771 /* 3.jpg in Resources */ = {isa = PBXBuildFile; fileRef = 134FF0D82152B37300551771 /* 3.jpg */; };
		134FF1042152B37300551771 /* 1.jpg in Resources */ = {isa = PBXBuildFile; fileRef = 134FF0D92152B37300551771 /* 1.jpg */; };
		134FF1052152B37300551771 /* 0.jpg in Resources */ = {isa = PBXBuildFile; fileRef = 134FF0DA2152B37300551771 /* 0.jpg */; };
		134FF1062152B37300551771 /* pause@2x.png in Resources */ = {isa = PBXBuildFile; fileRef = 134FF0DC2152B37300551771 /* pause@2x.png */; };
		134FF1072152B37300551771 /* play@3x.png in Resources */ = {isa = PBXBuildFile; fileRef = 134FF0DD2152B37300551771 /* play@3x.png */; };
		134FF1082152B37300551771 /* dark-circle@2x.png in Resources */ = {isa = PBXBuildFile; fileRef = 134FF0DE2152B37300551771 /* dark-circle@2x.png */; };
		134FF1092152B37300551771 /* dark-circle@3x.png in Resources */ = {isa = PBXBuildFile; fileRef = 134FF0DF2152B37300551771 /* dark-circle@3x.png */; };
		134FF10A2152B37300551771 /* play@2x.png in Resources */ = {isa = PBXBuildFile; fileRef = 134FF0E02152B37300551771 /* play@2x.png */; };
		134FF10B2152B37300551771 /* DINNextLTPro-Regular.otf in Resources */ = {isa = PBXBuildFile; fileRef = 134FF0E12152B37300551771 /* DINNextLTPro-Regular.otf */; };
		134FF10C2152B37300551771 /* pause@3x.png in Resources */ = {isa = PBXBuildFile; fileRef = 134FF0E22152B37300551771 /* pause@3x.png */; };
		134FF10D2152B37300551771 /* dark-circle.png in Resources */ = {isa = PBXBuildFile; fileRef = 134FF0E32152B37300551771 /* dark-circle.png */; };
		134FF10E2152B37300551771 /* repeat.png in Resources */ = {isa = PBXBuildFile; fileRef = 134FF0E42152B37300551771 /* repeat.png */; };
		134FF10F2152B37300551771 /* seek.png in Resources */ = {isa = PBXBuildFile; fileRef = 134FF0E52152B37300551771 /* seek.png */; };
		134FF1102152B37300551771 /* repeat@2x.png in Resources */ = {isa = PBXBuildFile; fileRef = 134FF0E62152B37300551771 /* repeat@2x.png */; };
		134FF1112152B37300551771 /* pause.png in Resources */ = {isa = PBXBuildFile; fileRef = 134FF0E72152B37300551771 /* pause.png */; };
		134FF1122152B37300551771 /* repeat@3x.png in Resources */ = {isa = PBXBuildFile; fileRef = 134FF0E82152B37300551771 /* repeat@3x.png */; };
		134FF1132152B37300551771 /* seek@2x.png in Resources */ = {isa = PBXBuildFile; fileRef = 134FF0E92152B37300551771 /* seek@2x.png */; };
		134FF1142152B37300551771 /* play.png in Resources */ = {isa = PBXBuildFile; fileRef = 134FF0EA2152B37300551771 /* play.png */; };
		134FF1152152B37300551771 /* seek@3x.png in Resources */ = {isa = PBXBuildFile; fileRef = 134FF0EB2152B37300551771 /* seek@3x.png */; };
		13A2C4B82134723D00C377C0 /* UIColor+FeedTrue.swift in Sources */ = {isa = PBXBuildFile; fileRef = 13A2C4B72134723D00C377C0 /* UIColor+FeedTrue.swift */; };
		13A2C4BC2135509D00C377C0 /* HomeViewController.swift in Sources */ = {isa = PBXBuildFile; fileRef = 13A2C4BB2135509D00C377C0 /* HomeViewController.swift */; };
		13A2C4C82137A47200C377C0 /* ExampleBackgroundContentView.swift in Sources */ = {isa = PBXBuildFile; fileRef = 13A2C4C12137A47200C377C0 /* ExampleBackgroundContentView.swift */; };
		13A2C4C92137A47200C377C0 /* ExampleBouncesContentView.swift in Sources */ = {isa = PBXBuildFile; fileRef = 13A2C4C22137A47200C377C0 /* ExampleBouncesContentView.swift */; };
		13A2C4CA2137A47200C377C0 /* ExampleAnimateTipsContentView.swift in Sources */ = {isa = PBXBuildFile; fileRef = 13A2C4C32137A47200C377C0 /* ExampleAnimateTipsContentView.swift */; };
		13A2C4CB2137A47200C377C0 /* ExampleBasicContentView.swift in Sources */ = {isa = PBXBuildFile; fileRef = 13A2C4C42137A47200C377C0 /* ExampleBasicContentView.swift */; };
		13A2C4CC2137A47200C377C0 /* ExampleHighlightableContentView.swift in Sources */ = {isa = PBXBuildFile; fileRef = 13A2C4C52137A47200C377C0 /* ExampleHighlightableContentView.swift */; };
		13A2C4CD2137A47200C377C0 /* ExampleTipsContentView.swift in Sources */ = {isa = PBXBuildFile; fileRef = 13A2C4C62137A47200C377C0 /* ExampleTipsContentView.swift */; };
		13A2C4CE2137A47200C377C0 /* ExampleIrregularityContentView.swift in Sources */ = {isa = PBXBuildFile; fileRef = 13A2C4C72137A47200C377C0 /* ExampleIrregularityContentView.swift */; };
		13A2C4D02137A53A00C377C0 /* FeedTrueRootViewController.swift in Sources */ = {isa = PBXBuildFile; fileRef = 13A2C4CF2137A53A00C377C0 /* FeedTrueRootViewController.swift */; };
		13A2C4D32137B59300C377C0 /* FTCoreService.swift in Sources */ = {isa = PBXBuildFile; fileRef = 13A2C4D22137B59300C377C0 /* FTCoreService.swift */; };
		13A2C4D52137B76000C377C0 /* FTUserDefaultService.swift in Sources */ = {isa = PBXBuildFile; fileRef = 13A2C4D42137B76000C377C0 /* FTUserDefaultService.swift */; };
		13A2C4D72137B8C900C377C0 /* FTRegistrationService.swift in Sources */ = {isa = PBXBuildFile; fileRef = 13A2C4D62137B8C900C377C0 /* FTRegistrationService.swift */; };
		13BA9A802146793400AD06D7 /* FTFileProviderService.swift in Sources */ = {isa = PBXBuildFile; fileRef = 13BA9A7F2146793400AD06D7 /* FTFileProviderService.swift */; };
		13BA9A832147B37900AD06D7 /* FTFeedResponse.swift in Sources */ = {isa = PBXBuildFile; fileRef = 13BA9A822147B37900AD06D7 /* FTFeedResponse.swift */; };
		13BA9A872147C35C00AD06D7 /* FTTabFeedViewController.swift in Sources */ = {isa = PBXBuildFile; fileRef = 13BA9A852147C35C00AD06D7 /* FTTabFeedViewController.swift */; };
		13BA9A882147C35C00AD06D7 /* FTTabFeedViewController.xib in Resources */ = {isa = PBXBuildFile; fileRef = 13BA9A862147C35C00AD06D7 /* FTTabFeedViewController.xib */; };
		13BA9B0D2149792200AD06D7 /* FileProviderService.swift in Sources */ = {isa = PBXBuildFile; fileRef = 13BA9B042149792100AD06D7 /* FileProviderService.swift */; };
		13BA9B0E2149792200AD06D7 /* FileProviderCache.swift in Sources */ = {isa = PBXBuildFile; fileRef = 13BA9B062149792100AD06D7 /* FileProviderCache.swift */; };
		13BA9B0F2149792200AD06D7 /* DownloadTask.swift in Sources */ = {isa = PBXBuildFile; fileRef = 13BA9B082149792100AD06D7 /* DownloadTask.swift */; };
		13BA9B102149792200AD06D7 /* UploadTask.swift in Sources */ = {isa = PBXBuildFile; fileRef = 13BA9B092149792100AD06D7 /* UploadTask.swift */; };
		13BA9B112149792200AD06D7 /* FileProviderNetwork.swift in Sources */ = {isa = PBXBuildFile; fileRef = 13BA9B0A2149792100AD06D7 /* FileProviderNetwork.swift */; };
		13BA9B122149792200AD06D7 /* TableView+BottomActivity.swift in Sources */ = {isa = PBXBuildFile; fileRef = 13BA9B0C2149792100AD06D7 /* TableView+BottomActivity.swift */; };
		13BA9B142149792D00AD06D7 /* Functions.swift in Sources */ = {isa = PBXBuildFile; fileRef = 13BA9B132149792D00AD06D7 /* Functions.swift */; };
		13BA9B192149793500AD06D7 /* BECellDataSource.swift in Sources */ = {isa = PBXBuildFile; fileRef = 13BA9B162149793500AD06D7 /* BECellDataSource.swift */; };
		13BA9B1A2149793500AD06D7 /* BEBaseViewController.swift in Sources */ = {isa = PBXBuildFile; fileRef = 13BA9B172149793500AD06D7 /* BEBaseViewController.swift */; };
		13BA9B1B2149793500AD06D7 /* BECell.swift in Sources */ = {isa = PBXBuildFile; fileRef = 13BA9B182149793500AD06D7 /* BECell.swift */; };
		13BA9B1E2149794000AD06D7 /* UIImageView+Url.swift in Sources */ = {isa = PBXBuildFile; fileRef = 13BA9B1D2149794000AD06D7 /* UIImageView+Url.swift */; };
		13BA9B22214A614600AD06D7 /* FTFeedTableViewCell.swift in Sources */ = {isa = PBXBuildFile; fileRef = 13BA9B20214A614600AD06D7 /* FTFeedTableViewCell.swift */; };
		13BA9B23214A614600AD06D7 /* FTFeedTableViewCell.xib in Resources */ = {isa = PBXBuildFile; fileRef = 13BA9B21214A614600AD06D7 /* FTFeedTableViewCell.xib */; };
		13BA9B25214B9D1E00AD06D7 /* FTHelpers.swift in Sources */ = {isa = PBXBuildFile; fileRef = 13BA9B24214B9D1E00AD06D7 /* FTHelpers.swift */; };
		13BA9B29214BC96900AD06D7 /* String+FeedTrue.swift in Sources */ = {isa = PBXBuildFile; fileRef = 13BA9B28214BC96900AD06D7 /* String+FeedTrue.swift */; };
		13D257F6213FC1FB00E84002 /* FTEditUserInfo.swift in Sources */ = {isa = PBXBuildFile; fileRef = 13D257F5213FC1FB00E84002 /* FTEditUserInfo.swift */; };
		13D257FD2141324500E84002 /* FTAlertViewManager.swift in Sources */ = {isa = PBXBuildFile; fileRef = 13D257FC2141324500E84002 /* FTAlertViewManager.swift */; };
		13D2580221426E0000E84002 /* FTTabSettingsViewController.swift in Sources */ = {isa = PBXBuildFile; fileRef = 13D2580021426E0000E84002 /* FTTabSettingsViewController.swift */; };
		13D2580321426E0000E84002 /* FTTabSettingsViewController.xib in Resources */ = {isa = PBXBuildFile; fileRef = 13D2580121426E0000E84002 /* FTTabSettingsViewController.xib */; };
		13D25809214271B200E84002 /* UIButton+FeedTrue.swift in Sources */ = {isa = PBXBuildFile; fileRef = 13D25808214271B200E84002 /* UIButton+FeedTrue.swift */; };
		13D2580D21428CBB00E84002 /* FTKeyChainService.swift in Sources */ = {isa = PBXBuildFile; fileRef = 13D2580C21428CBB00E84002 /* FTKeyChainService.swift */; };
		13D2580F21428E3700E84002 /* FTSimpleCache.swift in Sources */ = {isa = PBXBuildFile; fileRef = 13D2580E21428E3700E84002 /* FTSimpleCache.swift */; };
		13D25813214299B300E84002 /* FTLoadingViewController.swift in Sources */ = {isa = PBXBuildFile; fileRef = 13D25811214299B300E84002 /* FTLoadingViewController.swift */; };
		13D25814214299B300E84002 /* FTLoadingViewController.xib in Resources */ = {isa = PBXBuildFile; fileRef = 13D25812214299B300E84002 /* FTLoadingViewController.xib */; };
		13F8471C213A868A0068656C /* FTTabViewController.swift in Sources */ = {isa = PBXBuildFile; fileRef = 13F8471B213A868A0068656C /* FTTabViewController.swift */; };
		B29493D5C59E43C0CF16387A /* Pods_FeedTrue.framework in Frameworks */ = {isa = PBXBuildFile; fileRef = F8373BD041FA865BC09781B9 /* Pods_FeedTrue.framework */; };
/* End PBXBuildFile section */

/* Begin PBXFileReference section */
		130E05CB212D6A3200C3E21A /* FeedTrue.app */ = {isa = PBXFileReference; explicitFileType = wrapper.application; includeInIndex = 0; path = FeedTrue.app; sourceTree = BUILT_PRODUCTS_DIR; };
		130E05CE212D6A3200C3E21A /* AppDelegate.swift */ = {isa = PBXFileReference; lastKnownFileType = sourcecode.swift; path = AppDelegate.swift; sourceTree = "<group>"; };
		130E05D0212D6A3200C3E21A /* ViewController.swift */ = {isa = PBXFileReference; lastKnownFileType = sourcecode.swift; path = ViewController.swift; sourceTree = "<group>"; };
		130E05D3212D6A3200C3E21A /* Base */ = {isa = PBXFileReference; lastKnownFileType = file.storyboard; name = Base; path = Base.lproj/Main.storyboard; sourceTree = "<group>"; };
		130E05D5212D6A3700C3E21A /* Assets.xcassets */ = {isa = PBXFileReference; lastKnownFileType = folder.assetcatalog; path = Assets.xcassets; sourceTree = "<group>"; };
		130E05D8212D6A3700C3E21A /* Base */ = {isa = PBXFileReference; lastKnownFileType = file.storyboard; name = Base; path = Base.lproj/LaunchScreen.storyboard; sourceTree = "<group>"; };
		130E05DA212D6A3700C3E21A /* Info.plist */ = {isa = PBXFileReference; lastKnownFileType = text.plist.xml; path = Info.plist; sourceTree = "<group>"; };
		130E05E1212D6E2800C3E21A /* LoginViewController.swift */ = {isa = PBXFileReference; lastKnownFileType = sourcecode.swift; path = LoginViewController.swift; sourceTree = "<group>"; };
		130E05E3212D7D4900C3E21A /* ForgotPasswordViewController.swift */ = {isa = PBXFileReference; lastKnownFileType = sourcecode.swift; path = ForgotPasswordViewController.swift; sourceTree = "<group>"; };
		130E05E5212D7D5E00C3E21A /* SignUpViewController.swift */ = {isa = PBXFileReference; lastKnownFileType = sourcecode.swift; path = SignUpViewController.swift; sourceTree = "<group>"; };
		130E05E7212DC5DB00C3E21A /* SignUpUsernameViewController.swift */ = {isa = PBXFileReference; lastKnownFileType = sourcecode.swift; path = SignUpUsernameViewController.swift; sourceTree = "<group>"; };
		130E05E9212DC5F000C3E21A /* SignUpPhoneNumberViewController.swift */ = {isa = PBXFileReference; lastKnownFileType = sourcecode.swift; path = SignUpPhoneNumberViewController.swift; sourceTree = "<group>"; };
		13353AF4213A89D200D74C47 /* FTTabProfileViewController.swift */ = {isa = PBXFileReference; lastKnownFileType = sourcecode.swift; path = FTTabProfileViewController.swift; sourceTree = "<group>"; };
		13353AF5213A89D200D74C47 /* FTTabProfileViewController.xib */ = {isa = PBXFileReference; lastKnownFileType = file.xib; path = FTTabProfileViewController.xib; sourceTree = "<group>"; };
		13353AF8213A94ED00D74C47 /* FTViewControllerWithCustomNavibar.swift */ = {isa = PBXFileReference; lastKnownFileType = sourcecode.swift; path = FTViewControllerWithCustomNavibar.swift; sourceTree = "<group>"; };
		13353AFA213A959500D74C47 /* FTEditProfileViewController.swift */ = {isa = PBXFileReference; lastKnownFileType = sourcecode.swift; path = FTEditProfileViewController.swift; sourceTree = "<group>"; };
		13353AFB213A959500D74C47 /* FTEditProfileViewController.xib */ = {isa = PBXFileReference; lastKnownFileType = file.xib; path = FTEditProfileViewController.xib; sourceTree = "<group>"; };
		13353AFF213A986F00D74C47 /* EditTextTableViewCell.swift */ = {isa = PBXFileReference; lastKnownFileType = sourcecode.swift; path = EditTextTableViewCell.swift; sourceTree = "<group>"; };
		13353B00213A986F00D74C47 /* EditTextTableViewCell.xib */ = {isa = PBXFileReference; lastKnownFileType = file.xib; path = EditTextTableViewCell.xib; sourceTree = "<group>"; };
		13353B03213BB16A00D74C47 /* FTUserProfileResponse.swift */ = {isa = PBXFileReference; lastKnownFileType = sourcecode.swift; path = FTUserProfileResponse.swift; sourceTree = "<group>"; };
		13353B05213C120900D74C47 /* FTAboutReponse.swift */ = {isa = PBXFileReference; lastKnownFileType = sourcecode.swift; path = FTAboutReponse.swift; sourceTree = "<group>"; };
		13353B0A213FBDBE00D74C47 /* FTEditUserResponse.swift */ = {isa = PBXFileReference; lastKnownFileType = sourcecode.swift; path = FTEditUserResponse.swift; sourceTree = "<group>"; };
		13489DE4212EB9FA00C72BD3 /* WebService.swift */ = {isa = PBXFileReference; lastKnownFileType = sourcecode.swift; path = WebService.swift; sourceTree = "<group>"; };
		13489DE7212EC65100C72BD3 /* SignInResponse.swift */ = {isa = PBXFileReference; lastKnownFileType = sourcecode.swift; path = SignInResponse.swift; sourceTree = "<group>"; };
		13489DEA212ED7BA00C72BD3 /* SignUpInfo.swift */ = {isa = PBXFileReference; lastKnownFileType = sourcecode.swift; path = SignUpInfo.swift; sourceTree = "<group>"; };
		13489DEC212EDAC200C72BD3 /* SignUpResponse.swift */ = {isa = PBXFileReference; lastKnownFileType = sourcecode.swift; path = SignUpResponse.swift; sourceTree = "<group>"; };
		13489DF3212FE7AC00C72BD3 /* UIImage+FeedTrue.swift */ = {isa = PBXFileReference; lastKnownFileType = sourcecode.swift; path = "UIImage+FeedTrue.swift"; sourceTree = "<group>"; };
		13489DF62134062200C72BD3 /* FTValidation.swift */ = {isa = PBXFileReference; lastKnownFileType = sourcecode.swift; path = FTValidation.swift; sourceTree = "<group>"; };
		134FF0C02152B37300551771 /* ViewableControllerContainer.swift */ = {isa = PBXFileReference; fileEncoding = 4; lastKnownFileType = sourcecode.swift; path = ViewableControllerContainer.swift; sourceTree = "<group>"; };
		134FF0C12152B37300551771 /* ViewableController.swift */ = {isa = PBXFileReference; fileEncoding = 4; lastKnownFileType = sourcecode.swift; path = ViewableController.swift; sourceTree = "<group>"; };
		134FF0C22152B37300551771 /* ViewerController.swift */ = {isa = PBXFileReference; fileEncoding = 4; lastKnownFileType = sourcecode.swift; path = ViewerController.swift; sourceTree = "<group>"; };
		134FF0C32152B37300551771 /* VideoProgressView.swift */ = {isa = PBXFileReference; fileEncoding = 4; lastKnownFileType = sourcecode.swift; path = VideoProgressView.swift; sourceTree = "<group>"; };
		134FF0C42152B37300551771 /* NSIndexPath+Contiguous.swift */ = {isa = PBXFileReference; fileEncoding = 4; lastKnownFileType = sourcecode.swift; path = "NSIndexPath+Contiguous.swift"; sourceTree = "<group>"; };
		134FF0C52152B37300551771 /* SlideshowView.swift */ = {isa = PBXFileReference; fileEncoding = 4; lastKnownFileType = sourcecode.swift; path = SlideshowView.swift; sourceTree = "<group>"; };
		134FF0C62152B37300551771 /* UIImage+CenteredFrame.swift */ = {isa = PBXFileReference; fileEncoding = 4; lastKnownFileType = sourcecode.swift; path = "UIImage+CenteredFrame.swift"; sourceTree = "<group>"; };
		134FF0C72152B37300551771 /* VideoView.swift */ = {isa = PBXFileReference; fileEncoding = 4; lastKnownFileType = sourcecode.swift; path = VideoView.swift; sourceTree = "<group>"; };
		134FF0C82152B37300551771 /* UIViewController+Window.swift */ = {isa = PBXFileReference; fileEncoding = 4; lastKnownFileType = sourcecode.swift; path = "UIViewController+Window.swift"; sourceTree = "<group>"; };
		134FF0C92152B37300551771 /* UIViewExtensions.swift */ = {isa = PBXFileReference; fileEncoding = 4; lastKnownFileType = sourcecode.swift; path = UIViewExtensions.swift; sourceTree = "<group>"; };
		134FF0CA2152B37300551771 /* Viewable.swift */ = {isa = PBXFileReference; fileEncoding = 4; lastKnownFileType = sourcecode.swift; path = Viewable.swift; sourceTree = "<group>"; };
		134FF0CB2152B37300551771 /* PaginatedScrollView.swift */ = {isa = PBXFileReference; fileEncoding = 4; lastKnownFileType = sourcecode.swift; path = PaginatedScrollView.swift; sourceTree = "<group>"; };
		134FF0CD2152B37300551771 /* FooterView.swift */ = {isa = PBXFileReference; fileEncoding = 4; lastKnownFileType = sourcecode.swift; path = FooterView.swift; sourceTree = "<group>"; };
		134FF0CE2152B37300551771 /* PhotosController.swift */ = {isa = PBXFileReference; fileEncoding = 4; lastKnownFileType = sourcecode.swift; path = PhotosController.swift; sourceTree = "<group>"; };
		134FF0CF2152B37300551771 /* PhotoCell.swift */ = {isa = PBXFileReference; fileEncoding = 4; lastKnownFileType = sourcecode.swift; path = PhotoCell.swift; sourceTree = "<group>"; };
		134FF0D02152B37300551771 /* clear.png */ = {isa = PBXFileReference; lastKnownFileType = image.png; path = clear.png; sourceTree = "<group>"; };
		134FF0D12152B37300551771 /* PhotosCollectionLayout.swift */ = {isa = PBXFileReference; fileEncoding = 4; lastKnownFileType = sourcecode.swift; path = PhotosCollectionLayout.swift; sourceTree = "<group>"; };
		134FF0D22152B37300551771 /* Photo.swift */ = {isa = PBXFileReference; fileEncoding = 4; lastKnownFileType = sourcecode.swift; path = Photo.swift; sourceTree = "<group>"; };
		134FF0D32152B37300551771 /* PopupController.swift */ = {isa = PBXFileReference; fileEncoding = 4; lastKnownFileType = sourcecode.swift; path = PopupController.swift; sourceTree = "<group>"; };
		134FF0D42152B37300551771 /* HeaderView.swift */ = {isa = PBXFileReference; fileEncoding = 4; lastKnownFileType = sourcecode.swift; path = HeaderView.swift; sourceTree = "<group>"; };
		134FF0D52152B37300551771 /* 4.jpg */ = {isa = PBXFileReference; lastKnownFileType = image.jpeg; path = 4.jpg; sourceTree = "<group>"; };
		134FF0D62152B37300551771 /* 5.png */ = {isa = PBXFileReference; lastKnownFileType = image.png; path = 5.png; sourceTree = "<group>"; };
		134FF0D72152B37300551771 /* 2.jpg */ = {isa = PBXFileReference; lastKnownFileType = image.jpeg; path = 2.jpg; sourceTree = "<group>"; };
		134FF0D82152B37300551771 /* 3.jpg */ = {isa = PBXFileReference; lastKnownFileType = image.jpeg; path = 3.jpg; sourceTree = "<group>"; };
		134FF0D92152B37300551771 /* 1.jpg */ = {isa = PBXFileReference; lastKnownFileType = image.jpeg; path = 1.jpg; sourceTree = "<group>"; };
		134FF0DA2152B37300551771 /* 0.jpg */ = {isa = PBXFileReference; lastKnownFileType = image.jpeg; path = 0.jpg; sourceTree = "<group>"; };
		134FF0DC2152B37300551771 /* pause@2x.png */ = {isa = PBXFileReference; lastKnownFileType = image.png; path = "pause@2x.png"; sourceTree = "<group>"; };
		134FF0DD2152B37300551771 /* play@3x.png */ = {isa = PBXFileReference; lastKnownFileType = image.png; path = "play@3x.png"; sourceTree = "<group>"; };
		134FF0DE2152B37300551771 /* dark-circle@2x.png */ = {isa = PBXFileReference; lastKnownFileType = image.png; path = "dark-circle@2x.png"; sourceTree = "<group>"; };
		134FF0DF2152B37300551771 /* dark-circle@3x.png */ = {isa = PBXFileReference; lastKnownFileType = image.png; path = "dark-circle@3x.png"; sourceTree = "<group>"; };
		134FF0E02152B37300551771 /* play@2x.png */ = {isa = PBXFileReference; lastKnownFileType = image.png; path = "play@2x.png"; sourceTree = "<group>"; };
		134FF0E12152B37300551771 /* DINNextLTPro-Regular.otf */ = {isa = PBXFileReference; lastKnownFileType = file; path = "DINNextLTPro-Regular.otf"; sourceTree = "<group>"; };
		134FF0E22152B37300551771 /* pause@3x.png */ = {isa = PBXFileReference; lastKnownFileType = image.png; path = "pause@3x.png"; sourceTree = "<group>"; };
		134FF0E32152B37300551771 /* dark-circle.png */ = {isa = PBXFileReference; lastKnownFileType = image.png; path = "dark-circle.png"; sourceTree = "<group>"; };
		134FF0E42152B37300551771 /* repeat.png */ = {isa = PBXFileReference; lastKnownFileType = image.png; path = repeat.png; sourceTree = "<group>"; };
		134FF0E52152B37300551771 /* seek.png */ = {isa = PBXFileReference; lastKnownFileType = image.png; path = seek.png; sourceTree = "<group>"; };
		134FF0E62152B37300551771 /* repeat@2x.png */ = {isa = PBXFileReference; lastKnownFileType = image.png; path = "repeat@2x.png"; sourceTree = "<group>"; };
		134FF0E72152B37300551771 /* pause.png */ = {isa = PBXFileReference; lastKnownFileType = image.png; path = pause.png; sourceTree = "<group>"; };
		134FF0E82152B37300551771 /* repeat@3x.png */ = {isa = PBXFileReference; lastKnownFileType = image.png; path = "repeat@3x.png"; sourceTree = "<group>"; };
		134FF0E92152B37300551771 /* seek@2x.png */ = {isa = PBXFileReference; lastKnownFileType = image.png; path = "seek@2x.png"; sourceTree = "<group>"; };
		134FF0EA2152B37300551771 /* play.png */ = {isa = PBXFileReference; lastKnownFileType = image.png; path = play.png; sourceTree = "<group>"; };
		134FF0EB2152B37300551771 /* seek@3x.png */ = {isa = PBXFileReference; lastKnownFileType = image.png; path = "seek@3x.png"; sourceTree = "<group>"; };
		13A2C4B6213421C700C377C0 /* FeedTrue-Bridging-Header.h */ = {isa = PBXFileReference; lastKnownFileType = sourcecode.c.h; path = "FeedTrue-Bridging-Header.h"; sourceTree = "<group>"; };
		13A2C4B72134723D00C377C0 /* UIColor+FeedTrue.swift */ = {isa = PBXFileReference; lastKnownFileType = sourcecode.swift; path = "UIColor+FeedTrue.swift"; sourceTree = "<group>"; };
		13A2C4BB2135509D00C377C0 /* HomeViewController.swift */ = {isa = PBXFileReference; lastKnownFileType = sourcecode.swift; path = HomeViewController.swift; sourceTree = "<group>"; };
		13A2C4C12137A47200C377C0 /* ExampleBackgroundContentView.swift */ = {isa = PBXFileReference; fileEncoding = 4; lastKnownFileType = sourcecode.swift; path = ExampleBackgroundContentView.swift; sourceTree = "<group>"; };
		13A2C4C22137A47200C377C0 /* ExampleBouncesContentView.swift */ = {isa = PBXFileReference; fileEncoding = 4; lastKnownFileType = sourcecode.swift; path = ExampleBouncesContentView.swift; sourceTree = "<group>"; };
		13A2C4C32137A47200C377C0 /* ExampleAnimateTipsContentView.swift */ = {isa = PBXFileReference; fileEncoding = 4; lastKnownFileType = sourcecode.swift; path = ExampleAnimateTipsContentView.swift; sourceTree = "<group>"; };
		13A2C4C42137A47200C377C0 /* ExampleBasicContentView.swift */ = {isa = PBXFileReference; fileEncoding = 4; lastKnownFileType = sourcecode.swift; path = ExampleBasicContentView.swift; sourceTree = "<group>"; };
		13A2C4C52137A47200C377C0 /* ExampleHighlightableContentView.swift */ = {isa = PBXFileReference; fileEncoding = 4; lastKnownFileType = sourcecode.swift; path = ExampleHighlightableContentView.swift; sourceTree = "<group>"; };
		13A2C4C62137A47200C377C0 /* ExampleTipsContentView.swift */ = {isa = PBXFileReference; fileEncoding = 4; lastKnownFileType = sourcecode.swift; path = ExampleTipsContentView.swift; sourceTree = "<group>"; };
		13A2C4C72137A47200C377C0 /* ExampleIrregularityContentView.swift */ = {isa = PBXFileReference; fileEncoding = 4; lastKnownFileType = sourcecode.swift; path = ExampleIrregularityContentView.swift; sourceTree = "<group>"; };
		13A2C4CF2137A53A00C377C0 /* FeedTrueRootViewController.swift */ = {isa = PBXFileReference; lastKnownFileType = sourcecode.swift; path = FeedTrueRootViewController.swift; sourceTree = "<group>"; };
		13A2C4D22137B59300C377C0 /* FTCoreService.swift */ = {isa = PBXFileReference; lastKnownFileType = sourcecode.swift; path = FTCoreService.swift; sourceTree = "<group>"; };
		13A2C4D42137B76000C377C0 /* FTUserDefaultService.swift */ = {isa = PBXFileReference; lastKnownFileType = sourcecode.swift; path = FTUserDefaultService.swift; sourceTree = "<group>"; };
		13A2C4D62137B8C900C377C0 /* FTRegistrationService.swift */ = {isa = PBXFileReference; lastKnownFileType = sourcecode.swift; path = FTRegistrationService.swift; sourceTree = "<group>"; };
		13BA9A7F2146793400AD06D7 /* FTFileProviderService.swift */ = {isa = PBXFileReference; lastKnownFileType = sourcecode.swift; path = FTFileProviderService.swift; sourceTree = "<group>"; };
		13BA9A822147B37900AD06D7 /* FTFeedResponse.swift */ = {isa = PBXFileReference; lastKnownFileType = sourcecode.swift; path = FTFeedResponse.swift; sourceTree = "<group>"; };
		13BA9A852147C35C00AD06D7 /* FTTabFeedViewController.swift */ = {isa = PBXFileReference; lastKnownFileType = sourcecode.swift; path = FTTabFeedViewController.swift; sourceTree = "<group>"; };
		13BA9A862147C35C00AD06D7 /* FTTabFeedViewController.xib */ = {isa = PBXFileReference; lastKnownFileType = file.xib; path = FTTabFeedViewController.xib; sourceTree = "<group>"; };
		13BA9B042149792100AD06D7 /* FileProviderService.swift */ = {isa = PBXFileReference; fileEncoding = 4; lastKnownFileType = sourcecode.swift; path = FileProviderService.swift; sourceTree = "<group>"; };
		13BA9B062149792100AD06D7 /* FileProviderCache.swift */ = {isa = PBXFileReference; fileEncoding = 4; lastKnownFileType = sourcecode.swift; path = FileProviderCache.swift; sourceTree = "<group>"; };
		13BA9B082149792100AD06D7 /* DownloadTask.swift */ = {isa = PBXFileReference; fileEncoding = 4; lastKnownFileType = sourcecode.swift; path = DownloadTask.swift; sourceTree = "<group>"; };
		13BA9B092149792100AD06D7 /* UploadTask.swift */ = {isa = PBXFileReference; fileEncoding = 4; lastKnownFileType = sourcecode.swift; path = UploadTask.swift; sourceTree = "<group>"; };
		13BA9B0A2149792100AD06D7 /* FileProviderNetwork.swift */ = {isa = PBXFileReference; fileEncoding = 4; lastKnownFileType = sourcecode.swift; path = FileProviderNetwork.swift; sourceTree = "<group>"; };
		13BA9B0C2149792100AD06D7 /* TableView+BottomActivity.swift */ = {isa = PBXFileReference; fileEncoding = 4; lastKnownFileType = sourcecode.swift; path = "TableView+BottomActivity.swift"; sourceTree = "<group>"; };
		13BA9B132149792D00AD06D7 /* Functions.swift */ = {isa = PBXFileReference; fileEncoding = 4; lastKnownFileType = sourcecode.swift; path = Functions.swift; sourceTree = "<group>"; };
		13BA9B162149793500AD06D7 /* BECellDataSource.swift */ = {isa = PBXFileReference; fileEncoding = 4; lastKnownFileType = sourcecode.swift; path = BECellDataSource.swift; sourceTree = "<group>"; };
		13BA9B172149793500AD06D7 /* BEBaseViewController.swift */ = {isa = PBXFileReference; fileEncoding = 4; lastKnownFileType = sourcecode.swift; path = BEBaseViewController.swift; sourceTree = "<group>"; };
		13BA9B182149793500AD06D7 /* BECell.swift */ = {isa = PBXFileReference; fileEncoding = 4; lastKnownFileType = sourcecode.swift; path = BECell.swift; sourceTree = "<group>"; };
		13BA9B1D2149794000AD06D7 /* UIImageView+Url.swift */ = {isa = PBXFileReference; fileEncoding = 4; lastKnownFileType = sourcecode.swift; path = "UIImageView+Url.swift"; sourceTree = "<group>"; };
		13BA9B20214A614600AD06D7 /* FTFeedTableViewCell.swift */ = {isa = PBXFileReference; lastKnownFileType = sourcecode.swift; path = FTFeedTableViewCell.swift; sourceTree = "<group>"; };
		13BA9B21214A614600AD06D7 /* FTFeedTableViewCell.xib */ = {isa = PBXFileReference; lastKnownFileType = file.xib; path = FTFeedTableViewCell.xib; sourceTree = "<group>"; };
		13BA9B24214B9D1E00AD06D7 /* FTHelpers.swift */ = {isa = PBXFileReference; lastKnownFileType = sourcecode.swift; path = FTHelpers.swift; sourceTree = "<group>"; };
		13BA9B28214BC96900AD06D7 /* String+FeedTrue.swift */ = {isa = PBXFileReference; lastKnownFileType = sourcecode.swift; path = "String+FeedTrue.swift"; sourceTree = "<group>"; };
		13D257F5213FC1FB00E84002 /* FTEditUserInfo.swift */ = {isa = PBXFileReference; lastKnownFileType = sourcecode.swift; path = FTEditUserInfo.swift; sourceTree = "<group>"; };
		13D257FC2141324500E84002 /* FTAlertViewManager.swift */ = {isa = PBXFileReference; lastKnownFileType = sourcecode.swift; path = FTAlertViewManager.swift; sourceTree = "<group>"; };
		13D2580021426E0000E84002 /* FTTabSettingsViewController.swift */ = {isa = PBXFileReference; lastKnownFileType = sourcecode.swift; path = FTTabSettingsViewController.swift; sourceTree = "<group>"; };
		13D2580121426E0000E84002 /* FTTabSettingsViewController.xib */ = {isa = PBXFileReference; lastKnownFileType = file.xib; path = FTTabSettingsViewController.xib; sourceTree = "<group>"; };
		13D25808214271B200E84002 /* UIButton+FeedTrue.swift */ = {isa = PBXFileReference; lastKnownFileType = sourcecode.swift; path = "UIButton+FeedTrue.swift"; sourceTree = "<group>"; };
		13D2580C21428CBB00E84002 /* FTKeyChainService.swift */ = {isa = PBXFileReference; lastKnownFileType = sourcecode.swift; path = FTKeyChainService.swift; sourceTree = "<group>"; };
		13D2580E21428E3700E84002 /* FTSimpleCache.swift */ = {isa = PBXFileReference; lastKnownFileType = sourcecode.swift; path = FTSimpleCache.swift; sourceTree = "<group>"; };
		13D25811214299B300E84002 /* FTLoadingViewController.swift */ = {isa = PBXFileReference; lastKnownFileType = sourcecode.swift; path = FTLoadingViewController.swift; sourceTree = "<group>"; };
		13D25812214299B300E84002 /* FTLoadingViewController.xib */ = {isa = PBXFileReference; lastKnownFileType = file.xib; path = FTLoadingViewController.xib; sourceTree = "<group>"; };
		13F8471B213A868A0068656C /* FTTabViewController.swift */ = {isa = PBXFileReference; lastKnownFileType = sourcecode.swift; path = FTTabViewController.swift; sourceTree = "<group>"; };
		8624FB5F1013C728D1DEED80 /* Pods-FeedTrue.release.xcconfig */ = {isa = PBXFileReference; includeInIndex = 1; lastKnownFileType = text.xcconfig; name = "Pods-FeedTrue.release.xcconfig"; path = "Pods/Target Support Files/Pods-FeedTrue/Pods-FeedTrue.release.xcconfig"; sourceTree = "<group>"; };
		BB881E1DC87EFF82C1261605 /* Pods-FeedTrue.debug.xcconfig */ = {isa = PBXFileReference; includeInIndex = 1; lastKnownFileType = text.xcconfig; name = "Pods-FeedTrue.debug.xcconfig"; path = "Pods/Target Support Files/Pods-FeedTrue/Pods-FeedTrue.debug.xcconfig"; sourceTree = "<group>"; };
		F8373BD041FA865BC09781B9 /* Pods_FeedTrue.framework */ = {isa = PBXFileReference; explicitFileType = wrapper.framework; includeInIndex = 0; path = Pods_FeedTrue.framework; sourceTree = BUILT_PRODUCTS_DIR; };
/* End PBXFileReference section */

/* Begin PBXFrameworksBuildPhase section */
		130E05C8212D6A3200C3E21A /* Frameworks */ = {
			isa = PBXFrameworksBuildPhase;
			buildActionMask = 2147483647;
			files = (
				B29493D5C59E43C0CF16387A /* Pods_FeedTrue.framework in Frameworks */,
			);
			runOnlyForDeploymentPostprocessing = 0;
		};
/* End PBXFrameworksBuildPhase section */

/* Begin PBXGroup section */
		130E05C2212D6A3200C3E21A = {
			isa = PBXGroup;
			children = (
				130E05CD212D6A3200C3E21A /* FeedTrue */,
				130E05CC212D6A3200C3E21A /* Products */,
				5B3456877620078CB0C3AD68 /* Pods */,
				E807DE1F13EBD0A9AC39E685 /* Frameworks */,
			);
			sourceTree = "<group>";
		};
		130E05CC212D6A3200C3E21A /* Products */ = {
			isa = PBXGroup;
			children = (
				130E05CB212D6A3200C3E21A /* FeedTrue.app */,
			);
			name = Products;
			sourceTree = "<group>";
		};
		130E05CD212D6A3200C3E21A /* FeedTrue */ = {
			isa = PBXGroup;
			children = (
				13BA9AE22149646400AD06D7 /* vendor */,
				13A2C4D12137B56200C377C0 /* Services */,
				13A2C4B92135507300C377C0 /* ViewControllers */,
				13489DF52134060400C72BD3 /* Helpers */,
				13489DF2212FE77E00C72BD3 /* Extension */,
				13489DE3212EB92400C72BD3 /* WebService */,
				130E05E0212D6DCF00C3E21A /* Auth */,
				130E05CE212D6A3200C3E21A /* AppDelegate.swift */,
				130E05D0212D6A3200C3E21A /* ViewController.swift */,
				130E05D2212D6A3200C3E21A /* Main.storyboard */,
				130E05D5212D6A3700C3E21A /* Assets.xcassets */,
				130E05D7212D6A3700C3E21A /* LaunchScreen.storyboard */,
				130E05DA212D6A3700C3E21A /* Info.plist */,
				13A2C4B6213421C700C377C0 /* FeedTrue-Bridging-Header.h */,
				13A2C4CF2137A53A00C377C0 /* FeedTrueRootViewController.swift */,
			);
			path = FeedTrue;
			sourceTree = "<group>";
		};
		130E05E0212D6DCF00C3E21A /* Auth */ = {
			isa = PBXGroup;
			children = (
				13489DE9212ED79B00C72BD3 /* Models */,
				130E05E1212D6E2800C3E21A /* LoginViewController.swift */,
				130E05E3212D7D4900C3E21A /* ForgotPasswordViewController.swift */,
				130E05E5212D7D5E00C3E21A /* SignUpViewController.swift */,
				130E05E7212DC5DB00C3E21A /* SignUpUsernameViewController.swift */,
				130E05E9212DC5F000C3E21A /* SignUpPhoneNumberViewController.swift */,
				13D25811214299B300E84002 /* FTLoadingViewController.swift */,
				13D25812214299B300E84002 /* FTLoadingViewController.xib */,
			);
			path = Auth;
			sourceTree = "<group>";
		};
		13353AF3213A89A200D74C47 /* Profile */ = {
			isa = PBXGroup;
			children = (
				13D257F4213FC1E200E84002 /* Models */,
				13353AFE213A97BF00D74C47 /* Cell */,
				13353AF4213A89D200D74C47 /* FTTabProfileViewController.swift */,
				13353AF5213A89D200D74C47 /* FTTabProfileViewController.xib */,
				13353AFA213A959500D74C47 /* FTEditProfileViewController.swift */,
				13353AFB213A959500D74C47 /* FTEditProfileViewController.xib */,
			);
			path = Profile;
			sourceTree = "<group>";
		};
		13353AFE213A97BF00D74C47 /* Cell */ = {
			isa = PBXGroup;
			children = (
				13353AFF213A986F00D74C47 /* EditTextTableViewCell.swift */,
				13353B00213A986F00D74C47 /* EditTextTableViewCell.xib */,
			);
			path = Cell;
			sourceTree = "<group>";
		};
		13489DE3212EB92400C72BD3 /* WebService */ = {
			isa = PBXGroup;
			children = (
				13489DE6212EC62A00C72BD3 /* Response */,
				13489DE4212EB9FA00C72BD3 /* WebService.swift */,
			);
			path = WebService;
			sourceTree = "<group>";
		};
		13489DE6212EC62A00C72BD3 /* Response */ = {
			isa = PBXGroup;
			children = (
				13489DE7212EC65100C72BD3 /* SignInResponse.swift */,
				13489DEC212EDAC200C72BD3 /* SignUpResponse.swift */,
				13353B03213BB16A00D74C47 /* FTUserProfileResponse.swift */,
				13353B05213C120900D74C47 /* FTAboutReponse.swift */,
				13353B0A213FBDBE00D74C47 /* FTEditUserResponse.swift */,
				13BA9A822147B37900AD06D7 /* FTFeedResponse.swift */,
			);
			path = Response;
			sourceTree = "<group>";
		};
		13489DE9212ED79B00C72BD3 /* Models */ = {
			isa = PBXGroup;
			children = (
				13489DEA212ED7BA00C72BD3 /* SignUpInfo.swift */,
			);
			path = Models;
			sourceTree = "<group>";
		};
		13489DF2212FE77E00C72BD3 /* Extension */ = {
			isa = PBXGroup;
			children = (
				13489DF3212FE7AC00C72BD3 /* UIImage+FeedTrue.swift */,
				13A2C4B72134723D00C377C0 /* UIColor+FeedTrue.swift */,
				13D25808214271B200E84002 /* UIButton+FeedTrue.swift */,
				13BA9B28214BC96900AD06D7 /* String+FeedTrue.swift */,
			);
			path = Extension;
			sourceTree = "<group>";
		};
		13489DF52134060400C72BD3 /* Helpers */ = {
			isa = PBXGroup;
			children = (
				13489DF62134062200C72BD3 /* FTValidation.swift */,
				13D257FC2141324500E84002 /* FTAlertViewManager.swift */,
				13BA9B24214B9D1E00AD06D7 /* FTHelpers.swift */,
			);
			path = Helpers;
			sourceTree = "<group>";
		};
		134FF0BE2152B37300551771 /* Viewer */ = {
			isa = PBXGroup;
			children = (
				134FF0BF2152B37300551771 /* Source */,
				134FF0CC2152B37300551771 /* Library */,
				134FF0DB2152B37300551771 /* Assets */,
			);
			path = Viewer;
			sourceTree = "<group>";
		};
		134FF0BF2152B37300551771 /* Source */ = {
			isa = PBXGroup;
			children = (
				134FF0C02152B37300551771 /* ViewableControllerContainer.swift */,
				134FF0C12152B37300551771 /* ViewableController.swift */,
				134FF0C22152B37300551771 /* ViewerController.swift */,
				134FF0C32152B37300551771 /* VideoProgressView.swift */,
				134FF0C42152B37300551771 /* NSIndexPath+Contiguous.swift */,
				134FF0C52152B37300551771 /* SlideshowView.swift */,
				134FF0C62152B37300551771 /* UIImage+CenteredFrame.swift */,
				134FF0C72152B37300551771 /* VideoView.swift */,
				134FF0C82152B37300551771 /* UIViewController+Window.swift */,
				134FF0C92152B37300551771 /* UIViewExtensions.swift */,
				134FF0CA2152B37300551771 /* Viewable.swift */,
				134FF0CB2152B37300551771 /* PaginatedScrollView.swift */,
			);
			path = Source;
			sourceTree = "<group>";
		};
		134FF0CC2152B37300551771 /* Library */ = {
			isa = PBXGroup;
			children = (
				134FF0CD2152B37300551771 /* FooterView.swift */,
				134FF0CE2152B37300551771 /* PhotosController.swift */,
				134FF0CF2152B37300551771 /* PhotoCell.swift */,
				134FF0D02152B37300551771 /* clear.png */,
				134FF0D12152B37300551771 /* PhotosCollectionLayout.swift */,
				134FF0D22152B37300551771 /* Photo.swift */,
				134FF0D32152B37300551771 /* PopupController.swift */,
				134FF0D42152B37300551771 /* HeaderView.swift */,
				134FF0D52152B37300551771 /* 4.jpg */,
				134FF0D62152B37300551771 /* 5.png */,
				134FF0D72152B37300551771 /* 2.jpg */,
				134FF0D82152B37300551771 /* 3.jpg */,
				134FF0D92152B37300551771 /* 1.jpg */,
				134FF0DA2152B37300551771 /* 0.jpg */,
			);
			path = Library;
			sourceTree = "<group>";
		};
		134FF0DB2152B37300551771 /* Assets */ = {
			isa = PBXGroup;
			children = (
				134FF0DC2152B37300551771 /* pause@2x.png */,
				134FF0DD2152B37300551771 /* play@3x.png */,
				134FF0DE2152B37300551771 /* dark-circle@2x.png */,
				134FF0DF2152B37300551771 /* dark-circle@3x.png */,
				134FF0E02152B37300551771 /* play@2x.png */,
				134FF0E12152B37300551771 /* DINNextLTPro-Regular.otf */,
				134FF0E22152B37300551771 /* pause@3x.png */,
				134FF0E32152B37300551771 /* dark-circle.png */,
				134FF0E42152B37300551771 /* repeat.png */,
				134FF0E52152B37300551771 /* seek.png */,
				134FF0E62152B37300551771 /* repeat@2x.png */,
				134FF0E72152B37300551771 /* pause.png */,
				134FF0E82152B37300551771 /* repeat@3x.png */,
				134FF0E92152B37300551771 /* seek@2x.png */,
				134FF0EA2152B37300551771 /* play.png */,
				134FF0EB2152B37300551771 /* seek@3x.png */,
			);
			path = Assets;
			sourceTree = "<group>";
		};
		13A2C4B92135507300C377C0 /* ViewControllers */ = {
			isa = PBXGroup;
			children = (
				13BA9A842147C33B00AD06D7 /* Feed */,
				13D257FF21426DC500E84002 /* Settings */,
				13353AF3213A89A200D74C47 /* Profile */,
				13A2C4BF2136BF7E00C377C0 /* Tabbar */,
				13A2C4BA2135508000C377C0 /* Home */,
				13353AF8213A94ED00D74C47 /* FTViewControllerWithCustomNavibar.swift */,
			);
			path = ViewControllers;
			sourceTree = "<group>";
		};
		13A2C4BA2135508000C377C0 /* Home */ = {
			isa = PBXGroup;
			children = (
				13A2C4BB2135509D00C377C0 /* HomeViewController.swift */,
			);
			path = Home;
			sourceTree = "<group>";
		};
		13A2C4BF2136BF7E00C377C0 /* Tabbar */ = {
			isa = PBXGroup;
			children = (
				13A2C4C02137A47200C377C0 /* Content */,
				13F8471B213A868A0068656C /* FTTabViewController.swift */,
			);
			path = Tabbar;
			sourceTree = "<group>";
		};
		13A2C4C02137A47200C377C0 /* Content */ = {
			isa = PBXGroup;
			children = (
				13A2C4C12137A47200C377C0 /* ExampleBackgroundContentView.swift */,
				13A2C4C22137A47200C377C0 /* ExampleBouncesContentView.swift */,
				13A2C4C32137A47200C377C0 /* ExampleAnimateTipsContentView.swift */,
				13A2C4C42137A47200C377C0 /* ExampleBasicContentView.swift */,
				13A2C4C52137A47200C377C0 /* ExampleHighlightableContentView.swift */,
				13A2C4C62137A47200C377C0 /* ExampleTipsContentView.swift */,
				13A2C4C72137A47200C377C0 /* ExampleIrregularityContentView.swift */,
			);
			path = Content;
			sourceTree = "<group>";
		};
		13A2C4D12137B56200C377C0 /* Services */ = {
			isa = PBXGroup;
			children = (
				13A2C4D22137B59300C377C0 /* FTCoreService.swift */,
				13A2C4D42137B76000C377C0 /* FTUserDefaultService.swift */,
				13A2C4D62137B8C900C377C0 /* FTRegistrationService.swift */,
				13D2580C21428CBB00E84002 /* FTKeyChainService.swift */,
				13D2580E21428E3700E84002 /* FTSimpleCache.swift */,
				13BA9A7F2146793400AD06D7 /* FTFileProviderService.swift */,
			);
			path = Services;
			sourceTree = "<group>";
		};
		13BA9A842147C33B00AD06D7 /* Feed */ = {
			isa = PBXGroup;
			children = (
				13BA9B1F214A60CE00AD06D7 /* Cell */,
				13BA9A852147C35C00AD06D7 /* FTTabFeedViewController.swift */,
				13BA9A862147C35C00AD06D7 /* FTTabFeedViewController.xib */,
			);
			path = Feed;
			sourceTree = "<group>";
		};
		13BA9AE22149646400AD06D7 /* vendor */ = {
			isa = PBXGroup;
			children = (
				134FF0BE2152B37300551771 /* Viewer */,
				13BA9B1C2149794000AD06D7 /* UIImageView */,
				13BA9B0B2149792100AD06D7 /* Extension */,
				13BA9B032149792100AD06D7 /* FileProvider */,
				13BA9B132149792D00AD06D7 /* Functions.swift */,
				13BA9B152149793500AD06D7 /* Table */,
			);
			path = vendor;
			sourceTree = "<group>";
		};
		13BA9B032149792100AD06D7 /* FileProvider */ = {
			isa = PBXGroup;
			children = (
				13BA9B042149792100AD06D7 /* FileProviderService.swift */,
				13BA9B052149792100AD06D7 /* Cache */,
				13BA9B072149792100AD06D7 /* Network */,
			);
			path = FileProvider;
			sourceTree = "<group>";
		};
		13BA9B052149792100AD06D7 /* Cache */ = {
			isa = PBXGroup;
			children = (
				13BA9B062149792100AD06D7 /* FileProviderCache.swift */,
			);
			path = Cache;
			sourceTree = "<group>";
		};
		13BA9B072149792100AD06D7 /* Network */ = {
			isa = PBXGroup;
			children = (
				13BA9B082149792100AD06D7 /* DownloadTask.swift */,
				13BA9B092149792100AD06D7 /* UploadTask.swift */,
				13BA9B0A2149792100AD06D7 /* FileProviderNetwork.swift */,
			);
			path = Network;
			sourceTree = "<group>";
		};
		13BA9B0B2149792100AD06D7 /* Extension */ = {
			isa = PBXGroup;
			children = (
				13BA9B0C2149792100AD06D7 /* TableView+BottomActivity.swift */,
			);
			path = Extension;
			sourceTree = "<group>";
		};
		13BA9B152149793500AD06D7 /* Table */ = {
			isa = PBXGroup;
			children = (
				13BA9B162149793500AD06D7 /* BECellDataSource.swift */,
				13BA9B172149793500AD06D7 /* BEBaseViewController.swift */,
				13BA9B182149793500AD06D7 /* BECell.swift */,
			);
			path = Table;
			sourceTree = "<group>";
		};
		13BA9B1C2149794000AD06D7 /* UIImageView */ = {
			isa = PBXGroup;
			children = (
				13BA9B1D2149794000AD06D7 /* UIImageView+Url.swift */,
			);
			path = UIImageView;
			sourceTree = "<group>";
		};
		13BA9B1F214A60CE00AD06D7 /* Cell */ = {
			isa = PBXGroup;
			children = (
				13BA9B20214A614600AD06D7 /* FTFeedTableViewCell.swift */,
				13BA9B21214A614600AD06D7 /* FTFeedTableViewCell.xib */,
			);
			path = Cell;
			sourceTree = "<group>";
		};
		13D257F4213FC1E200E84002 /* Models */ = {
			isa = PBXGroup;
			children = (
				13D257F5213FC1FB00E84002 /* FTEditUserInfo.swift */,
			);
			path = Models;
			sourceTree = "<group>";
		};
		13D257FF21426DC500E84002 /* Settings */ = {
			isa = PBXGroup;
			children = (
				13D2580021426E0000E84002 /* FTTabSettingsViewController.swift */,
				13D2580121426E0000E84002 /* FTTabSettingsViewController.xib */,
			);
			path = Settings;
			sourceTree = "<group>";
		};
		5B3456877620078CB0C3AD68 /* Pods */ = {
			isa = PBXGroup;
			children = (
				BB881E1DC87EFF82C1261605 /* Pods-FeedTrue.debug.xcconfig */,
				8624FB5F1013C728D1DEED80 /* Pods-FeedTrue.release.xcconfig */,
			);
			name = Pods;
			sourceTree = "<group>";
		};
		E807DE1F13EBD0A9AC39E685 /* Frameworks */ = {
			isa = PBXGroup;
			children = (
				F8373BD041FA865BC09781B9 /* Pods_FeedTrue.framework */,
			);
			name = Frameworks;
			sourceTree = "<group>";
		};
/* End PBXGroup section */

/* Begin PBXNativeTarget section */
		130E05CA212D6A3200C3E21A /* FeedTrue */ = {
			isa = PBXNativeTarget;
			buildConfigurationList = 130E05DD212D6A3700C3E21A /* Build configuration list for PBXNativeTarget "FeedTrue" */;
			buildPhases = (
				B61CB97070C21E542134104E /* [CP] Check Pods Manifest.lock */,
				130E05C7212D6A3200C3E21A /* Sources */,
				130E05C8212D6A3200C3E21A /* Frameworks */,
				130E05C9212D6A3200C3E21A /* Resources */,
				883D995420647EABE0E5AA79 /* [CP] Embed Pods Frameworks */,
			);
			buildRules = (
			);
			dependencies = (
			);
			name = FeedTrue;
			productName = FeedTrue;
			productReference = 130E05CB212D6A3200C3E21A /* FeedTrue.app */;
			productType = "com.apple.product-type.application";
		};
/* End PBXNativeTarget section */

/* Begin PBXProject section */
		130E05C3212D6A3200C3E21A /* Project object */ = {
			isa = PBXProject;
			attributes = {
				LastSwiftUpdateCheck = 0940;
				LastUpgradeCheck = 0940;
				ORGANIZATIONNAME = toanle;
				TargetAttributes = {
					130E05CA212D6A3200C3E21A = {
						CreatedOnToolsVersion = 9.4.1;
					};
				};
			};
			buildConfigurationList = 130E05C6212D6A3200C3E21A /* Build configuration list for PBXProject "FeedTrue" */;
			compatibilityVersion = "Xcode 9.3";
			developmentRegion = en;
			hasScannedForEncodings = 0;
			knownRegions = (
				en,
				Base,
			);
			mainGroup = 130E05C2212D6A3200C3E21A;
			productRefGroup = 130E05CC212D6A3200C3E21A /* Products */;
			projectDirPath = "";
			projectRoot = "";
			targets = (
				130E05CA212D6A3200C3E21A /* FeedTrue */,
			);
		};
/* End PBXProject section */

/* Begin PBXResourcesBuildPhase section */
		130E05C9212D6A3200C3E21A /* Resources */ = {
			isa = PBXResourcesBuildPhase;
			buildActionMask = 2147483647;
			files = (
				134FF1152152B37300551771 /* seek@3x.png in Resources */,
				134FF1122152B37300551771 /* repeat@3x.png in Resources */,
				134FF1032152B37300551771 /* 3.jpg in Resources */,
				134FF1002152B37300551771 /* 4.jpg in Resources */,
				134FF10F2152B37300551771 /* seek.png in Resources */,
				134FF1132152B37300551771 /* seek@2x.png in Resources */,
				13353AF7213A89D200D74C47 /* FTTabProfileViewController.xib in Resources */,
				134FF1052152B37300551771 /* 0.jpg in Resources */,
				134FF10B2152B37300551771 /* DINNextLTPro-Regular.otf in Resources */,
				134FF10D2152B37300551771 /* dark-circle.png in Resources */,
				134FF1082152B37300551771 /* dark-circle@2x.png in Resources */,
				134FF1022152B37300551771 /* 2.jpg in Resources */,
				130E05D9212D6A3700C3E21A /* LaunchScreen.storyboard in Resources */,
				134FF1072152B37300551771 /* play@3x.png in Resources */,
				134FF10A2152B37300551771 /* play@2x.png in Resources */,
				134FF1042152B37300551771 /* 1.jpg in Resources */,
				134FF10E2152B37300551771 /* repeat.png in Resources */,
				130E05D6212D6A3700C3E21A /* Assets.xcassets in Resources */,
				134FF1142152B37300551771 /* play.png in Resources */,
				13BA9B23214A614600AD06D7 /* FTFeedTableViewCell.xib in Resources */,
				13D25814214299B300E84002 /* FTLoadingViewController.xib in Resources */,
				130E05D4212D6A3200C3E21A /* Main.storyboard in Resources */,
				13BA9A882147C35C00AD06D7 /* FTTabFeedViewController.xib in Resources */,
				134FF1112152B37300551771 /* pause.png in Resources */,
				134FF10C2152B37300551771 /* pause@3x.png in Resources */,
				13D2580321426E0000E84002 /* FTTabSettingsViewController.xib in Resources */,
				134FF1062152B37300551771 /* pause@2x.png in Resources */,
				13353B02213A986F00D74C47 /* EditTextTableViewCell.xib in Resources */,
				134FF1102152B37300551771 /* repeat@2x.png in Resources */,
				13353AFD213A959500D74C47 /* FTEditProfileViewController.xib in Resources */,
				134FF1092152B37300551771 /* dark-circle@3x.png in Resources */,
				134FF1012152B37300551771 /* 5.png in Resources */,
				134FF0FB2152B37300551771 /* clear.png in Resources */,
			);
			runOnlyForDeploymentPostprocessing = 0;
		};
/* End PBXResourcesBuildPhase section */

/* Begin PBXShellScriptBuildPhase section */
		883D995420647EABE0E5AA79 /* [CP] Embed Pods Frameworks */ = {
			isa = PBXShellScriptBuildPhase;
			buildActionMask = 2147483647;
			files = (
			);
			inputPaths = (
				"${SRCROOT}/Pods/Target Support Files/Pods-FeedTrue/Pods-FeedTrue-frameworks.sh",
				"${BUILT_PRODUCTS_DIR}/Alamofire/Alamofire.framework",
				"${BUILT_PRODUCTS_DIR}/AlamofireObjectMapper/AlamofireObjectMapper.framework",
				"${BUILT_PRODUCTS_DIR}/Bolts/Bolts.framework",
				"${BUILT_PRODUCTS_DIR}/DTGradientButton/DTGradientButton.framework",
				"${BUILT_PRODUCTS_DIR}/DTTextField/DTTextField.framework",
				"${BUILT_PRODUCTS_DIR}/ESTabBarController-swift/ESTabBarController_swift.framework",
				"${BUILT_PRODUCTS_DIR}/FBSDKCoreKit/FBSDKCoreKit.framework",
				"${BUILT_PRODUCTS_DIR}/FBSDKLoginKit/FBSDKLoginKit.framework",
				"${BUILT_PRODUCTS_DIR}/FBSDKShareKit/FBSDKShareKit.framework",
				"${BUILT_PRODUCTS_DIR}/FacebookCore/FacebookCore.framework",
				"${BUILT_PRODUCTS_DIR}/FacebookLogin/FacebookLogin.framework",
				"${BUILT_PRODUCTS_DIR}/FacebookShare/FacebookShare.framework",
				"${BUILT_PRODUCTS_DIR}/MBProgressHUD/MBProgressHUD.framework",
				"${BUILT_PRODUCTS_DIR}/ObjectMapper/ObjectMapper.framework",
				"${BUILT_PRODUCTS_DIR}/ScrollableSegmentedControl/ScrollableSegmentedControl.framework",
				"${BUILT_PRODUCTS_DIR}/SwiftMoment/SwiftMoment.framework",
			);
			name = "[CP] Embed Pods Frameworks";
			outputPaths = (
				"${TARGET_BUILD_DIR}/${FRAMEWORKS_FOLDER_PATH}/Alamofire.framework",
				"${TARGET_BUILD_DIR}/${FRAMEWORKS_FOLDER_PATH}/AlamofireObjectMapper.framework",
				"${TARGET_BUILD_DIR}/${FRAMEWORKS_FOLDER_PATH}/Bolts.framework",
				"${TARGET_BUILD_DIR}/${FRAMEWORKS_FOLDER_PATH}/DTGradientButton.framework",
				"${TARGET_BUILD_DIR}/${FRAMEWORKS_FOLDER_PATH}/DTTextField.framework",
				"${TARGET_BUILD_DIR}/${FRAMEWORKS_FOLDER_PATH}/ESTabBarController_swift.framework",
				"${TARGET_BUILD_DIR}/${FRAMEWORKS_FOLDER_PATH}/FBSDKCoreKit.framework",
				"${TARGET_BUILD_DIR}/${FRAMEWORKS_FOLDER_PATH}/FBSDKLoginKit.framework",
				"${TARGET_BUILD_DIR}/${FRAMEWORKS_FOLDER_PATH}/FBSDKShareKit.framework",
				"${TARGET_BUILD_DIR}/${FRAMEWORKS_FOLDER_PATH}/FacebookCore.framework",
				"${TARGET_BUILD_DIR}/${FRAMEWORKS_FOLDER_PATH}/FacebookLogin.framework",
				"${TARGET_BUILD_DIR}/${FRAMEWORKS_FOLDER_PATH}/FacebookShare.framework",
				"${TARGET_BUILD_DIR}/${FRAMEWORKS_FOLDER_PATH}/MBProgressHUD.framework",
				"${TARGET_BUILD_DIR}/${FRAMEWORKS_FOLDER_PATH}/ObjectMapper.framework",
				"${TARGET_BUILD_DIR}/${FRAMEWORKS_FOLDER_PATH}/ScrollableSegmentedControl.framework",
				"${TARGET_BUILD_DIR}/${FRAMEWORKS_FOLDER_PATH}/SwiftMoment.framework",
			);
			runOnlyForDeploymentPostprocessing = 0;
			shellPath = /bin/sh;
			shellScript = "\"${SRCROOT}/Pods/Target Support Files/Pods-FeedTrue/Pods-FeedTrue-frameworks.sh\"\n";
			showEnvVarsInLog = 0;
		};
		B61CB97070C21E542134104E /* [CP] Check Pods Manifest.lock */ = {
			isa = PBXShellScriptBuildPhase;
			buildActionMask = 2147483647;
			files = (
			);
			inputPaths = (
				"${PODS_PODFILE_DIR_PATH}/Podfile.lock",
				"${PODS_ROOT}/Manifest.lock",
			);
			name = "[CP] Check Pods Manifest.lock";
			outputPaths = (
				"$(DERIVED_FILE_DIR)/Pods-FeedTrue-checkManifestLockResult.txt",
			);
			runOnlyForDeploymentPostprocessing = 0;
			shellPath = /bin/sh;
			shellScript = "diff \"${PODS_PODFILE_DIR_PATH}/Podfile.lock\" \"${PODS_ROOT}/Manifest.lock\" > /dev/null\nif [ $? != 0 ] ; then\n    # print error to STDERR\n    echo \"error: The sandbox is not in sync with the Podfile.lock. Run 'pod install' or update your CocoaPods installation.\" >&2\n    exit 1\nfi\n# This output is used by Xcode 'outputs' to avoid re-running this script phase.\necho \"SUCCESS\" > \"${SCRIPT_OUTPUT_FILE_0}\"\n";
			showEnvVarsInLog = 0;
		};
/* End PBXShellScriptBuildPhase section */

/* Begin PBXSourcesBuildPhase section */
		130E05C7212D6A3200C3E21A /* Sources */ = {
			isa = PBXSourcesBuildPhase;
			buildActionMask = 2147483647;
			files = (
				13BA9B29214BC96900AD06D7 /* String+FeedTrue.swift in Sources */,
				134FF0F72152B37300551771 /* PaginatedScrollView.swift in Sources */,
				13353B01213A986F00D74C47 /* EditTextTableViewCell.swift in Sources */,
				13353AF6213A89D200D74C47 /* FTTabProfileViewController.swift in Sources */,
				13D257F6213FC1FB00E84002 /* FTEditUserInfo.swift in Sources */,
				13BA9B102149792200AD06D7 /* UploadTask.swift in Sources */,
				134FF0FC2152B37300551771 /* PhotosCollectionLayout.swift in Sources */,
				134FF0F42152B37300551771 /* UIViewController+Window.swift in Sources */,
				13D25813214299B300E84002 /* FTLoadingViewController.swift in Sources */,
				134FF0FD2152B37300551771 /* Photo.swift in Sources */,
				13D25809214271B200E84002 /* UIButton+FeedTrue.swift in Sources */,
				13BA9B1A2149793500AD06D7 /* BEBaseViewController.swift in Sources */,
				13BA9B0F2149792200AD06D7 /* DownloadTask.swift in Sources */,
				13BA9B192149793500AD06D7 /* BECellDataSource.swift in Sources */,
				134FF0FA2152B37300551771 /* PhotoCell.swift in Sources */,
				13A2C4D72137B8C900C377C0 /* FTRegistrationService.swift in Sources */,
				134FF0EC2152B37300551771 /* ViewableControllerContainer.swift in Sources */,
				13353B06213C120900D74C47 /* FTAboutReponse.swift in Sources */,
				134FF0F52152B37300551771 /* UIViewExtensions.swift in Sources */,
				13D2580F21428E3700E84002 /* FTSimpleCache.swift in Sources */,
				13BA9A872147C35C00AD06D7 /* FTTabFeedViewController.swift in Sources */,
				13BA9B142149792D00AD06D7 /* Functions.swift in Sources */,
				13F8471C213A868A0068656C /* FTTabViewController.swift in Sources */,
				134FF0F62152B37300551771 /* Viewable.swift in Sources */,
				13BA9B1E2149794000AD06D7 /* UIImageView+Url.swift in Sources */,
				130E05E4212D7D4900C3E21A /* ForgotPasswordViewController.swift in Sources */,
				13BA9A802146793400AD06D7 /* FTFileProviderService.swift in Sources */,
				130E05E2212D6E2800C3E21A /* LoginViewController.swift in Sources */,
				13BA9B0E2149792200AD06D7 /* FileProviderCache.swift in Sources */,
				13489DE5212EB9FA00C72BD3 /* WebService.swift in Sources */,
				134FF0EE2152B37300551771 /* ViewerController.swift in Sources */,
				13489DED212EDAC200C72BD3 /* SignUpResponse.swift in Sources */,
				13353AF9213A94ED00D74C47 /* FTViewControllerWithCustomNavibar.swift in Sources */,
				13D2580D21428CBB00E84002 /* FTKeyChainService.swift in Sources */,
				13D257FD2141324500E84002 /* FTAlertViewManager.swift in Sources */,
				13489DEB212ED7BA00C72BD3 /* SignUpInfo.swift in Sources */,
				13A2C4BC2135509D00C377C0 /* HomeViewController.swift in Sources */,
				13BA9B25214B9D1E00AD06D7 /* FTHelpers.swift in Sources */,
				134FF0ED2152B37300551771 /* ViewableController.swift in Sources */,
				13A2C4D02137A53A00C377C0 /* FeedTrueRootViewController.swift in Sources */,
				13489DF4212FE7AC00C72BD3 /* UIImage+FeedTrue.swift in Sources */,
				13A2C4CA2137A47200C377C0 /* ExampleAnimateTipsContentView.swift in Sources */,
				134FF0F02152B37300551771 /* NSIndexPath+Contiguous.swift in Sources */,
				13A2C4CB2137A47200C377C0 /* ExampleBasicContentView.swift in Sources */,
				13BA9B1B2149793500AD06D7 /* BECell.swift in Sources */,
				13353B04213BB16A00D74C47 /* FTUserProfileResponse.swift in Sources */,
				13A2C4D32137B59300C377C0 /* FTCoreService.swift in Sources */,
				130E05D1212D6A3200C3E21A /* ViewController.swift in Sources */,
				13A2C4CE2137A47200C377C0 /* ExampleIrregularityContentView.swift in Sources */,
				134FF0F32152B37300551771 /* VideoView.swift in Sources */,
				13489DF72134062200C72BD3 /* FTValidation.swift in Sources */,
				130E05CF212D6A3200C3E21A /* AppDelegate.swift in Sources */,
				13A2C4C92137A47200C377C0 /* ExampleBouncesContentView.swift in Sources */,
				13353B0B213FBDBE00D74C47 /* FTEditUserResponse.swift in Sources */,
				130E05EA212DC5F000C3E21A /* SignUpPhoneNumberViewController.swift in Sources */,
				13A2C4CC2137A47200C377C0 /* ExampleHighlightableContentView.swift in Sources */,
				13A2C4D52137B76000C377C0 /* FTUserDefaultService.swift in Sources */,
				134FF0F22152B37300551771 /* UIImage+CenteredFrame.swift in Sources */,
				13BA9B112149792200AD06D7 /* FileProviderNetwork.swift in Sources */,
				13A2C4C82137A47200C377C0 /* ExampleBackgroundContentView.swift in Sources */,
				13BA9B22214A614600AD06D7 /* FTFeedTableViewCell.swift in Sources */,
				13BA9A832147B37900AD06D7 /* FTFeedResponse.swift in Sources */,
				134FF0FF2152B37300551771 /* HeaderView.swift in Sources */,
				13353AFC213A959500D74C47 /* FTEditProfileViewController.swift in Sources */,
				13489DE8212EC65100C72BD3 /* SignInResponse.swift in Sources */,
				130E05E8212DC5DB00C3E21A /* SignUpUsernameViewController.swift in Sources */,
				130E05E6212D7D5E00C3E21A /* SignUpViewController.swift in Sources */,
				13D2580221426E0000E84002 /* FTTabSettingsViewController.swift in Sources */,
				134FF0EF2152B37300551771 /* VideoProgressView.swift in Sources */,
				134FF0F12152B37300551771 /* SlideshowView.swift in Sources */,
				134FF0F92152B37300551771 /* PhotosController.swift in Sources */,
				134FF0F82152B37300551771 /* FooterView.swift in Sources */,
				13A2C4CD2137A47200C377C0 /* ExampleTipsContentView.swift in Sources */,
				134FF0FE2152B37300551771 /* PopupController.swift in Sources */,
				13A2C4B82134723D00C377C0 /* UIColor+FeedTrue.swift in Sources */,
				13BA9B0D2149792200AD06D7 /* FileProviderService.swift in Sources */,
				13BA9B122149792200AD06D7 /* TableView+BottomActivity.swift in Sources */,
			);
			runOnlyForDeploymentPostprocessing = 0;
		};
/* End PBXSourcesBuildPhase section */

/* Begin PBXVariantGroup section */
		130E05D2212D6A3200C3E21A /* Main.storyboard */ = {
			isa = PBXVariantGroup;
			children = (
				130E05D3212D6A3200C3E21A /* Base */,
			);
			name = Main.storyboard;
			sourceTree = "<group>";
		};
		130E05D7212D6A3700C3E21A /* LaunchScreen.storyboard */ = {
			isa = PBXVariantGroup;
			children = (
				130E05D8212D6A3700C3E21A /* Base */,
			);
			name = LaunchScreen.storyboard;
			sourceTree = "<group>";
		};
/* End PBXVariantGroup section */

/* Begin XCBuildConfiguration section */
		130E05DB212D6A3700C3E21A /* Debug */ = {
			isa = XCBuildConfiguration;
			buildSettings = {
				ALWAYS_SEARCH_USER_PATHS = NO;
				CLANG_ANALYZER_NONNULL = YES;
				CLANG_ANALYZER_NUMBER_OBJECT_CONVERSION = YES_AGGRESSIVE;
				CLANG_CXX_LANGUAGE_STANDARD = "gnu++14";
				CLANG_CXX_LIBRARY = "libc++";
				CLANG_ENABLE_MODULES = YES;
				CLANG_ENABLE_OBJC_ARC = YES;
				CLANG_ENABLE_OBJC_WEAK = YES;
				CLANG_WARN_BLOCK_CAPTURE_AUTORELEASING = YES;
				CLANG_WARN_BOOL_CONVERSION = YES;
				CLANG_WARN_COMMA = YES;
				CLANG_WARN_CONSTANT_CONVERSION = YES;
				CLANG_WARN_DEPRECATED_OBJC_IMPLEMENTATIONS = YES;
				CLANG_WARN_DIRECT_OBJC_ISA_USAGE = YES_ERROR;
				CLANG_WARN_DOCUMENTATION_COMMENTS = YES;
				CLANG_WARN_EMPTY_BODY = YES;
				CLANG_WARN_ENUM_CONVERSION = YES;
				CLANG_WARN_INFINITE_RECURSION = YES;
				CLANG_WARN_INT_CONVERSION = YES;
				CLANG_WARN_NON_LITERAL_NULL_CONVERSION = YES;
				CLANG_WARN_OBJC_IMPLICIT_RETAIN_SELF = YES;
				CLANG_WARN_OBJC_LITERAL_CONVERSION = YES;
				CLANG_WARN_OBJC_ROOT_CLASS = YES_ERROR;
				CLANG_WARN_RANGE_LOOP_ANALYSIS = YES;
				CLANG_WARN_STRICT_PROTOTYPES = YES;
				CLANG_WARN_SUSPICIOUS_MOVE = YES;
				CLANG_WARN_UNGUARDED_AVAILABILITY = YES_AGGRESSIVE;
				CLANG_WARN_UNREACHABLE_CODE = YES;
				CLANG_WARN__DUPLICATE_METHOD_MATCH = YES;
				CODE_SIGN_IDENTITY = "iPhone Developer";
				COPY_PHASE_STRIP = NO;
				DEBUG_INFORMATION_FORMAT = dwarf;
				ENABLE_STRICT_OBJC_MSGSEND = YES;
				ENABLE_TESTABILITY = YES;
				GCC_C_LANGUAGE_STANDARD = gnu11;
				GCC_DYNAMIC_NO_PIC = NO;
				GCC_NO_COMMON_BLOCKS = YES;
				GCC_OPTIMIZATION_LEVEL = 0;
				GCC_PREPROCESSOR_DEFINITIONS = (
					"DEBUG=1",
					"$(inherited)",
				);
				GCC_WARN_64_TO_32_BIT_CONVERSION = YES;
				GCC_WARN_ABOUT_RETURN_TYPE = YES_ERROR;
				GCC_WARN_UNDECLARED_SELECTOR = YES;
				GCC_WARN_UNINITIALIZED_AUTOS = YES_AGGRESSIVE;
				GCC_WARN_UNUSED_FUNCTION = YES;
				GCC_WARN_UNUSED_VARIABLE = YES;
				IPHONEOS_DEPLOYMENT_TARGET = 11.4;
				MTL_ENABLE_DEBUG_INFO = YES;
				ONLY_ACTIVE_ARCH = YES;
				SDKROOT = iphoneos;
				SWIFT_ACTIVE_COMPILATION_CONDITIONS = DEBUG;
				SWIFT_OPTIMIZATION_LEVEL = "-Onone";
			};
			name = Debug;
		};
		130E05DC212D6A3700C3E21A /* Release */ = {
			isa = XCBuildConfiguration;
			buildSettings = {
				ALWAYS_SEARCH_USER_PATHS = NO;
				CLANG_ANALYZER_NONNULL = YES;
				CLANG_ANALYZER_NUMBER_OBJECT_CONVERSION = YES_AGGRESSIVE;
				CLANG_CXX_LANGUAGE_STANDARD = "gnu++14";
				CLANG_CXX_LIBRARY = "libc++";
				CLANG_ENABLE_MODULES = YES;
				CLANG_ENABLE_OBJC_ARC = YES;
				CLANG_ENABLE_OBJC_WEAK = YES;
				CLANG_WARN_BLOCK_CAPTURE_AUTORELEASING = YES;
				CLANG_WARN_BOOL_CONVERSION = YES;
				CLANG_WARN_COMMA = YES;
				CLANG_WARN_CONSTANT_CONVERSION = YES;
				CLANG_WARN_DEPRECATED_OBJC_IMPLEMENTATIONS = YES;
				CLANG_WARN_DIRECT_OBJC_ISA_USAGE = YES_ERROR;
				CLANG_WARN_DOCUMENTATION_COMMENTS = YES;
				CLANG_WARN_EMPTY_BODY = YES;
				CLANG_WARN_ENUM_CONVERSION = YES;
				CLANG_WARN_INFINITE_RECURSION = YES;
				CLANG_WARN_INT_CONVERSION = YES;
				CLANG_WARN_NON_LITERAL_NULL_CONVERSION = YES;
				CLANG_WARN_OBJC_IMPLICIT_RETAIN_SELF = YES;
				CLANG_WARN_OBJC_LITERAL_CONVERSION = YES;
				CLANG_WARN_OBJC_ROOT_CLASS = YES_ERROR;
				CLANG_WARN_RANGE_LOOP_ANALYSIS = YES;
				CLANG_WARN_STRICT_PROTOTYPES = YES;
				CLANG_WARN_SUSPICIOUS_MOVE = YES;
				CLANG_WARN_UNGUARDED_AVAILABILITY = YES_AGGRESSIVE;
				CLANG_WARN_UNREACHABLE_CODE = YES;
				CLANG_WARN__DUPLICATE_METHOD_MATCH = YES;
				CODE_SIGN_IDENTITY = "iPhone Developer";
				COPY_PHASE_STRIP = NO;
				DEBUG_INFORMATION_FORMAT = "dwarf-with-dsym";
				ENABLE_NS_ASSERTIONS = NO;
				ENABLE_STRICT_OBJC_MSGSEND = YES;
				GCC_C_LANGUAGE_STANDARD = gnu11;
				GCC_NO_COMMON_BLOCKS = YES;
				GCC_WARN_64_TO_32_BIT_CONVERSION = YES;
				GCC_WARN_ABOUT_RETURN_TYPE = YES_ERROR;
				GCC_WARN_UNDECLARED_SELECTOR = YES;
				GCC_WARN_UNINITIALIZED_AUTOS = YES_AGGRESSIVE;
				GCC_WARN_UNUSED_FUNCTION = YES;
				GCC_WARN_UNUSED_VARIABLE = YES;
				IPHONEOS_DEPLOYMENT_TARGET = 11.4;
				MTL_ENABLE_DEBUG_INFO = NO;
				SDKROOT = iphoneos;
				SWIFT_COMPILATION_MODE = wholemodule;
				SWIFT_OPTIMIZATION_LEVEL = "-O";
				VALIDATE_PRODUCT = YES;
			};
			name = Release;
		};
		130E05DE212D6A3700C3E21A /* Debug */ = {
			isa = XCBuildConfiguration;
			baseConfigurationReference = BB881E1DC87EFF82C1261605 /* Pods-FeedTrue.debug.xcconfig */;
			buildSettings = {
				ASSETCATALOG_COMPILER_APPICON_NAME = AppIcon;
				CODE_SIGN_STYLE = Automatic;
				DEVELOPMENT_TEAM = XD8YQZYAN5;
				INFOPLIST_FILE = FeedTrue/Info.plist;
				LD_RUNPATH_SEARCH_PATHS = (
					"$(inherited)",
					"@executable_path/Frameworks",
				);
				PRODUCT_BUNDLE_IDENTIFIER = com.toanle.FeedTrue;
				PRODUCT_NAME = "$(TARGET_NAME)";
				SWIFT_VERSION = 4.0;
				TARGETED_DEVICE_FAMILY = "1,2";
			};
			name = Debug;
		};
		130E05DF212D6A3700C3E21A /* Release */ = {
			isa = XCBuildConfiguration;
			baseConfigurationReference = 8624FB5F1013C728D1DEED80 /* Pods-FeedTrue.release.xcconfig */;
			buildSettings = {
				ASSETCATALOG_COMPILER_APPICON_NAME = AppIcon;
				CODE_SIGN_STYLE = Automatic;
				DEVELOPMENT_TEAM = XD8YQZYAN5;
				INFOPLIST_FILE = FeedTrue/Info.plist;
				LD_RUNPATH_SEARCH_PATHS = (
					"$(inherited)",
					"@executable_path/Frameworks",
				);
				PRODUCT_BUNDLE_IDENTIFIER = com.toanle.FeedTrue;
				PRODUCT_NAME = "$(TARGET_NAME)";
				SWIFT_VERSION = 4.0;
				TARGETED_DEVICE_FAMILY = "1,2";
			};
			name = Release;
		};
/* End XCBuildConfiguration section */

/* Begin XCConfigurationList section */
		130E05C6212D6A3200C3E21A /* Build configuration list for PBXProject "FeedTrue" */ = {
			isa = XCConfigurationList;
			buildConfigurations = (
				130E05DB212D6A3700C3E21A /* Debug */,
				130E05DC212D6A3700C3E21A /* Release */,
			);
			defaultConfigurationIsVisible = 0;
			defaultConfigurationName = Release;
		};
		130E05DD212D6A3700C3E21A /* Build configuration list for PBXNativeTarget "FeedTrue" */ = {
			isa = XCConfigurationList;
			buildConfigurations = (
				130E05DE212D6A3700C3E21A /* Debug */,
				130E05DF212D6A3700C3E21A /* Release */,
			);
			defaultConfigurationIsVisible = 0;
			defaultConfigurationName = Release;
		};
/* End XCConfigurationList section */
	};
	rootObject = 130E05C3212D6A3200C3E21A /* Project object */;
}
